
Microsoft Visual Studio Solution File, Format Version 12.00
# Visual Studio Version 17
VisualStudioVersion = 17.0.32112.339
MinimumVisualStudioVersion = 10.0.40219.1
Project("{FAE04EC0-301F-11D3-BF4B-00C04F79EFBC}") = "Periodly", "Periodly\Periodly.csproj", "{979904F2-E4DE-4166-A9AF-68D977942BB2}"
EndProject
Global
	GlobalSection(SolutionConfigurationPlatforms) = preSolution
		Debug|Any CPU = Debug|Any CPU
		Release|Any CPU = Release|Any CPU
	EndGlobalSection
	GlobalSection(ProjectConfigurationPlatforms) = postSolution
		{979904F2-E4DE-4166-A9AF-68D977942BB2}.Debug|Any CPU.ActiveCfg = Debug|Any CPU
		{979904F2-E4DE-4166-A9AF-68D977942BB2}.Debug|Any CPU.Build.0 = Debug|Any CPU
		{979904F2-E4DE-4166-A9AF-68D977942BB2}.Release|Any CPU.ActiveCfg = Release|Any CPU
		{979904F2-E4DE-4166-A9AF-68D977942BB2}.Release|Any CPU.Build.0 = Release|Any CPU
	EndGlobalSection
	GlobalSection(SolutionProperties) = preSolution
		HideSolutionNode = FALSE
	EndGlobalSection
	GlobalSection(ExtensibilityGlobals) = postSolution
		SolutionGuid = {F789EAD3-4285-4858-A60F-B8863BE8B55C}
	EndGlobalSection
EndGlobal
